
Microsoft Visual Studio Solution File, Format Version 12.00
# Visual Studio Version 17
VisualStudioVersion = 17.7.34202.233
MinimumVisualStudioVersion = 10.0.40219.1
Project("{FAE04EC0-301F-11D3-BF4B-00C04F79EFBC}") = "Practica 2 U3", "Practica 2 U3.csproj", "{943F0DA1-255B-49DA-8700-44C5BED69CC0}"
EndProject
Global
	GlobalSection(SolutionConfigurationPlatforms) = preSolution
		Debug|Any CPU = Debug|Any CPU
		Release|Any CPU = Release|Any CPU
	EndGlobalSection
	GlobalSection(ProjectConfigurationPlatforms) = postSolution
		{943F0DA1-255B-49DA-8700-44C5BED69CC0}.Debug|Any CPU.ActiveCfg = Debug|Any CPU
		{943F0DA1-255B-49DA-8700-44C5BED69CC0}.Debug|Any CPU.Build.0 = Debug|Any CPU
		{943F0DA1-255B-49DA-8700-44C5BED69CC0}.Release|Any CPU.ActiveCfg = Release|Any CPU
		{943F0DA1-255B-49DA-8700-44C5BED69CC0}.Release|Any CPU.Build.0 = Release|Any CPU
	EndGlobalSection
	GlobalSection(SolutionProperties) = preSolution
		HideSolutionNode = FALSE
	EndGlobalSection
	GlobalSection(ExtensibilityGlobals) = postSolution
		SolutionGuid = {C2E1C8C1-6B37-4DC6-999F-23907A45D3C6}
	EndGlobalSection
EndGlobal
